
Microsoft Visual Studio Solution File, Format Version 12.00
# Visual Studio Version 16
VisualStudioVersion = 16.0.31624.102
MinimumVisualStudioVersion = 10.0.40219.1
Project("{FAE04EC0-301F-11D3-BF4B-00C04F79EFBC}") = "三鍵反應遊戲", "三鍵反應遊戲\三鍵反應遊戲.csproj", "{EBDD25CC-D848-49A5-B8A0-69E7BD0DF675}"
EndProject
Global
	GlobalSection(SolutionConfigurationPlatforms) = preSolution
		Debug|Any CPU = Debug|Any CPU
		Release|Any CPU = Release|Any CPU
	EndGlobalSection
	GlobalSection(ProjectConfigurationPlatforms) = postSolution
		{EBDD25CC-D848-49A5-B8A0-69E7BD0DF675}.Debug|Any CPU.ActiveCfg = Debug|Any CPU
		{EBDD25CC-D848-49A5-B8A0-69E7BD0DF675}.Debug|Any CPU.Build.0 = Debug|Any CPU
		{EBDD25CC-D848-49A5-B8A0-69E7BD0DF675}.Release|Any CPU.ActiveCfg = Release|Any CPU
		{EBDD25CC-D848-49A5-B8A0-69E7BD0DF675}.Release|Any CPU.Build.0 = Release|Any CPU
	EndGlobalSection
	GlobalSection(SolutionProperties) = preSolution
		HideSolutionNode = FALSE
	EndGlobalSection
	GlobalSection(ExtensibilityGlobals) = postSolution
		SolutionGuid = {88494305-193D-4DAD-93EC-8D118D9E61FD}
	EndGlobalSection
EndGlobal
